
Microsoft Visual Studio Solution File, Format Version 12.00
# Visual Studio Version 17
VisualStudioVersion = 17.5.33424.131
MinimumVisualStudioVersion = 10.0.40219.1
Project("{FAE04EC0-301F-11D3-BF4B-00C04F79EFBC}") = "UtilitiesDemo", "UtilitiesDemo.csproj", "{9BA65808-71F3-40D1-8F81-F7E407B766D3}"
EndProject
Project("{FAE04EC0-301F-11D3-BF4B-00C04F79EFBC}") = "UtilitiesDemo.Tests", "..\UtilitiesDemo.Tests\UtilitiesDemo.Tests.csproj", "{B3B110B6-01C9-4BC3-ABF2-B7B23FB88328}"
EndProject
Global
	GlobalSection(SolutionConfigurationPlatforms) = preSolution
		Debug|Any CPU = Debug|Any CPU
		Release|Any CPU = Release|Any CPU
	EndGlobalSection
	GlobalSection(ProjectConfigurationPlatforms) = postSolution
		{9BA65808-71F3-40D1-8F81-F7E407B766D3}.Debug|Any CPU.ActiveCfg = Debug|Any CPU
		{9BA65808-71F3-40D1-8F81-F7E407B766D3}.Debug|Any CPU.Build.0 = Debug|Any CPU
		{9BA65808-71F3-40D1-8F81-F7E407B766D3}.Release|Any CPU.ActiveCfg = Release|Any CPU
		{9BA65808-71F3-40D1-8F81-F7E407B766D3}.Release|Any CPU.Build.0 = Release|Any CPU
		{B3B110B6-01C9-4BC3-ABF2-B7B23FB88328}.Debug|Any CPU.ActiveCfg = Debug|Any CPU
		{B3B110B6-01C9-4BC3-ABF2-B7B23FB88328}.Debug|Any CPU.Build.0 = Debug|Any CPU
		{B3B110B6-01C9-4BC3-ABF2-B7B23FB88328}.Release|Any CPU.ActiveCfg = Release|Any CPU
		{B3B110B6-01C9-4BC3-ABF2-B7B23FB88328}.Release|Any CPU.Build.0 = Release|Any CPU
	EndGlobalSection
	GlobalSection(SolutionProperties) = preSolution
		HideSolutionNode = FALSE
	EndGlobalSection
	GlobalSection(ExtensibilityGlobals) = postSolution
		SolutionGuid = {EFC27167-DA7C-45D3-A935-43EE049F7DF9}
	EndGlobalSection
EndGlobal
